// !$*UTF8*$!
{
	archiveVersion = 1;
	classes = {
	};
	objectVersion = 77;
	objects = {

/* Begin PBXContainerItemProxy section */
		9BA6489B2E5AC6DB001360BD /* PBXContainerItemProxy */ = {
			isa = PBXContainerItemProxy;
			containerPortal = 9BA648812E5AC6D9001360BD /* Project object */;
			proxyType = 1;
			remoteGlobalIDString = 9BA648882E5AC6D9001360BD;
			remoteInfo = windward;
		};
		9BA648A52E5AC6DB001360BD /* PBXContainerItemProxy */ = {
			isa = PBXContainerItemProxy;
			containerPortal = 9BA648812E5AC6D9001360BD /* Project object */;
			proxyType = 1;
			remoteGlobalIDString = 9BA648882E5AC6D9001360BD;
			remoteInfo = windward;
		};
/* End PBXContainerItemProxy section */

/* Begin PBXFileReference section */
		9BA648892E5AC6D9001360BD /* windward.app */ = {isa = PBXFileReference; explicitFileType = wrapper.application; includeInIndex = 0; path = windward.app; sourceTree = BUILT_PRODUCTS_DIR; };
		9BA6489A2E5AC6DB001360BD /* windwardTests.xctest */ = {isa = PBXFileReference; explicitFileType = wrapper.cfbundle; includeInIndex = 0; path = windwardTests.xctest; sourceTree = BUILT_PRODUCTS_DIR; };
		9BA648A42E5AC6DB001360BD /* windwardUITests.xctest */ = {isa = PBXFileReference; explicitFileType = wrapper.cfbundle; includeInIndex = 0; path = windwardUITests.xctest; sourceTree = BUILT_PRODUCTS_DIR; };
/* End PBXFileReference section */

/* Begin PBXFileSystemSynchronizedRootGroup section */
		9BA6488B2E5AC6D9001360BD /* windward */ = {
			isa = PBXFileSystemSynchronizedRootGroup;
			path = windward;
			sourceTree = "<group>";
		};
		9BA6489D2E5AC6DB001360BD /* windwardTests */ = {
			isa = PBXFileSystemSynchronizedRootGroup;
			path = windwardTests;
			sourceTree = "<group>";
		};
		9BA648A72E5AC6DB001360BD /* windwardUITests */ = {
			isa = PBXFileSystemSynchronizedRootGroup;
			path = windwardUITests;
			sourceTree = "<group>";
		};
/* End PBXFileSystemSynchronizedRootGroup section */

/* Begin PBXFrameworksBuildPhase section */
		9BA648862E5AC6D9001360BD /* Frameworks */ = {
			isa = PBXFrameworksBuildPhase;
			buildActionMask = 2147483647;
			files = (
			);
			runOnlyForDeploymentPostprocessing = 0;
		};
		9BA648972E5AC6DB001360BD /* Frameworks */ = {
			isa = PBXFrameworksBuildPhase;
			buildActionMask = 2147483647;
			files = (
			);
			runOnlyForDeploymentPostprocessing = 0;
		};
		9BA648A12E5AC6DB001360BD /* Frameworks */ = {
			isa = PBXFrameworksBuildPhase;
			buildActionMask = 2147483647;
			files = (
			);
			runOnlyForDeploymentPostprocessing = 0;
		};
/* End PBXFrameworksBuildPhase section */

/* Begin PBXGroup section */
		9BA648802E5AC6D9001360BD = {
			isa = PBXGroup;
			children = (
				9BA6488B2E5AC6D9001360BD /* windward */,
				9BA6489D2E5AC6DB001360BD /* windwardTests */,
				9BA648A72E5AC6DB001360BD /* windwardUITests */,
				9BA6488A2E5AC6D9001360BD /* Products */,
			);
			sourceTree = "<group>";
		};
		9BA6488A2E5AC6D9001360BD /* Products */ = {
			isa = PBXGroup;
			children = (
				9BA648892E5AC6D9001360BD /* windward.app */,
				9BA6489A2E5AC6DB001360BD /* windwardTests.xctest */,
				9BA648A42E5AC6DB001360BD /* windwardUITests.xctest */,
			);
			name = Products;
			sourceTree = "<group>";
		};
/* End PBXGroup section */

/* Begin PBXNativeTarget section */
		9BA648882E5AC6D9001360BD /* windward */ = {
			isa = PBXNativeTarget;
			buildConfigurationList = 9BA648AE2E5AC6DB001360BD /* Build configuration list for PBXNativeTarget "windward" */;
			buildPhases = (
				9BA648852E5AC6D9001360BD /* Sources */,
				9BA648862E5AC6D9001360BD /* Frameworks */,
				9BA648872E5AC6D9001360BD /* Resources */,
			);
			buildRules = (
			);
			dependencies = (
			);
			fileSystemSynchronizedGroups = (
				9BA6488B2E5AC6D9001360BD /* windward */,
			);
			name = windward;
			packageProductDependencies = (
			);
			productName = windward;
			productReference = 9BA648892E5AC6D9001360BD /* windward.app */;
			productType = "com.apple.product-type.application";
		};
		9BA648992E5AC6DB001360BD /* windwardTests */ = {
			isa = PBXNativeTarget;
			buildConfigurationList = 9BA648B12E5AC6DB001360BD /* Build configuration list for PBXNativeTarget "windwardTests" */;
			buildPhases = (
				9BA648962E5AC6DB001360BD /* Sources */,
				9BA648972E5AC6DB001360BD /* Frameworks */,
				9BA648982E5AC6DB001360BD /* Resources */,
			);
			buildRules = (
			);
			dependencies = (
				9BA6489C2E5AC6DB001360BD /* PBXTargetDependency */,
			);
			fileSystemSynchronizedGroups = (
				9BA6489D2E5AC6DB001360BD /* windwardTests */,
			);
			name = windwardTests;
			packageProductDependencies = (
			);
			productName = windwardTests;
			productReference = 9BA6489A2E5AC6DB001360BD /* windwardTests.xctest */;
			productType = "com.apple.product-type.bundle.unit-test";
		};
		9BA648A32E5AC6DB001360BD /* windwardUITests */ = {
			isa = PBXNativeTarget;
			buildConfigurationList = 9BA648B42E5AC6DB001360BD /* Build configuration list for PBXNativeTarget "windwardUITests" */;
			buildPhases = (
				9BA648A02E5AC6DB001360BD /* Sources */,
				9BA648A12E5AC6DB001360BD /* Frameworks */,
				9BA648A22E5AC6DB001360BD /* Resources */,
			);
			buildRules = (
			);
			dependencies = (
				9BA648A62E5AC6DB001360BD /* PBXTargetDependency */,
			);
			fileSystemSynchronizedGroups = (
				9BA648A72E5AC6DB001360BD /* windwardUITests */,
			);
			name = windwardUITests;
			packageProductDependencies = (
			);
			productName = windwardUITests;
			productReference = 9BA648A42E5AC6DB001360BD /* windwardUITests.xctest */;
			productType = "com.apple.product-type.bundle.ui-testing";
		};
/* End PBXNativeTarget section */

/* Begin PBXProject section */
		9BA648812E5AC6D9001360BD /* Project object */ = {
			isa = PBXProject;
			attributes = {
				BuildIndependentTargetsInParallel = 1;
				LastSwiftUpdateCheck = 1620;
				LastUpgradeCheck = 1620;
				TargetAttributes = {
					9BA648882E5AC6D9001360BD = {
						CreatedOnToolsVersion = 16.2;
					};
					9BA648992E5AC6DB001360BD = {
						CreatedOnToolsVersion = 16.2;
						TestTargetID = 9BA648882E5AC6D9001360BD;
					};
					9BA648A32E5AC6DB001360BD = {
						CreatedOnToolsVersion = 16.2;
						TestTargetID = 9BA648882E5AC6D9001360BD;
					};
				};
			};
			buildConfigurationList = 9BA648842E5AC6D9001360BD /* Build configuration list for PBXProject "windward" */;
			developmentRegion = en;
			hasScannedForEncodings = 0;
			knownRegions = (
				en,
				Base,
			);
			mainGroup = 9BA648802E5AC6D9001360BD;
			minimizedProjectReferenceProxies = 1;
			preferredProjectObjectVersion = 77;
			productRefGroup = 9BA6488A2E5AC6D9001360BD /* Products */;
			projectDirPath = "";
			projectRoot = "";
			targets = (
				9BA648882E5AC6D9001360BD /* windward */,
				9BA648992E5AC6DB001360BD /* windwardTests */,
				9BA648A32E5AC6DB001360BD /* windwardUITests */,
			);
		};
/* End PBXProject section */

/* Begin PBXResourcesBuildPhase section */
		9BA648872E5AC6D9001360BD /* Resources */ = {
			isa = PBXResourcesBuildPhase;
			buildActionMask = 2147483647;
			files = (
			);
			runOnlyForDeploymentPostprocessing = 0;
		};
		9BA648982E5AC6DB001360BD /* Resources */ = {
			isa = PBXResourcesBuildPhase;
			buildActionMask = 2147483647;
			files = (
			);
			runOnlyForDeploymentPostprocessing = 0;
		};
		9BA648A22E5AC6DB001360BD /* Resources */ = {
			isa = PBXResourcesBuildPhase;
			buildActionMask = 2147483647;
			files = (
			);
			runOnlyForDeploymentPostprocessing = 0;
		};
/* End PBXResourcesBuildPhase section */

/* Begin PBXSourcesBuildPhase section */
		9BA648852E5AC6D9001360BD /* Sources */ = {
			isa = PBXSourcesBuildPhase;
			buildActionMask = 2147483647;
			files = (
			);
			runOnlyForDeploymentPostprocessing = 0;
		};
		9BA648962E5AC6DB001360BD /* Sources */ = {
			isa = PBXSourcesBuildPhase;
			buildActionMask = 2147483647;
			files = (
			);
			runOnlyForDeploymentPostprocessing = 0;
		};
		9BA648A02E5AC6DB001360BD /* Sources */ = {
			isa = PBXSourcesBuildPhase;
			buildActionMask = 2147483647;
			files = (
			);
			runOnlyForDeploymentPostprocessing = 0;
		};
/* End PBXSourcesBuildPhase section */

/* Begin PBXTargetDependency section */
		9BA6489C2E5AC6DB001360BD /* PBXTargetDependency */ = {
			isa = PBXTargetDependency;
			target = 9BA648882E5AC6D9001360BD /* windward */;
			targetProxy = 9BA6489B2E5AC6DB001360BD /* PBXContainerItemProxy */;
		};
		9BA648A62E5AC6DB001360BD /* PBXTargetDependency */ = {
			isa = PBXTargetDependency;
			target = 9BA648882E5AC6D9001360BD /* windward */;
			targetProxy = 9BA648A52E5AC6DB001360BD /* PBXContainerItemProxy */;
		};
/* End PBXTargetDependency section */

/* Begin XCBuildConfiguration section */
		9BA648AC2E5AC6DB001360BD /* Debug */ = {
			isa = XCBuildConfiguration;
			buildSettings = {
				ALWAYS_SEARCH_USER_PATHS = NO;
				ASSETCATALOG_COMPILER_GENERATE_SWIFT_ASSET_SYMBOL_EXTENSIONS = YES;
				CLANG_ANALYZER_NONNULL = YES;
				CLANG_ANALYZER_NUMBER_OBJECT_CONVERSION = YES_AGGRESSIVE;
				CLANG_CXX_LANGUAGE_STANDARD = "gnu++20";
				CLANG_ENABLE_MODULES = YES;
				CLANG_ENABLE_OBJC_ARC = YES;
				CLANG_ENABLE_OBJC_WEAK = YES;
				CLANG_WARN_BLOCK_CAPTURE_AUTORELEASING = YES;
				CLANG_WARN_BOOL_CONVERSION = YES;
				CLANG_WARN_COMMA = YES;
				CLANG_WARN_CONSTANT_CONVERSION = YES;
				CLANG_WARN_DEPRECATED_OBJC_IMPLEMENTATIONS = YES;
				CLANG_WARN_DIRECT_OBJC_ISA_USAGE = YES_ERROR;
				CLANG_WARN_DOCUMENTATION_COMMENTS = YES;
				CLANG_WARN_EMPTY_BODY = YES;
				CLANG_WARN_ENUM_CONVERSION = YES;
				CLANG_WARN_INFINITE_RECURSION = YES;
				CLANG_WARN_INT_CONVERSION = YES;
				CLANG_WARN_NON_LITERAL_NULL_CONVERSION = YES;
				CLANG_WARN_OBJC_IMPLICIT_RETAIN_SELF = YES;
				CLANG_WARN_OBJC_LITERAL_CONVERSION = YES;
				CLANG_WARN_OBJC_ROOT_CLASS = YES_ERROR;
				CLANG_WARN_QUOTED_INCLUDE_IN_FRAMEWORK_HEADER = YES;
				CLANG_WARN_RANGE_LOOP_ANALYSIS = YES;
				CLANG_WARN_STRICT_PROTOTYPES = YES;
				CLANG_WARN_SUSPICIOUS_MOVE = YES;
				CLANG_WARN_UNGUARDED_AVAILABILITY = YES_AGGRESSIVE;
				CLANG_WARN_UNREACHABLE_CODE = YES;
				CLANG_WARN__DUPLICATE_METHOD_MATCH = YES;
				COPY_PHASE_STRIP = NO;
				DEBUG_INFORMATION_FORMAT = dwarf;
				ENABLE_STRICT_OBJC_MSGSEND = YES;
				ENABLE_TESTABILITY = YES;
				ENABLE_USER_SCRIPT_SANDBOXING = YES;
				GCC_C_LANGUAGE_STANDARD = gnu17;
				GCC_DYNAMIC_NO_PIC = NO;
				GCC_NO_COMMON_BLOCKS = YES;
				GCC_OPTIMIZATION_LEVEL = 0;
				GCC_PREPROCESSOR_DEFINITIONS = (
					"DEBUG=1",
					"$(inherited)",
				);
				GCC_WARN_64_TO_32_BIT_CONVERSION = YES;
				GCC_WARN_ABOUT_RETURN_TYPE = YES_ERROR;
				GCC_WARN_UNDECLARED_SELECTOR = YES;
				GCC_WARN_UNINITIALIZED_AUTOS = YES_AGGRESSIVE;
				GCC_WARN_UNUSED_FUNCTION = YES;
				GCC_WARN_UNUSED_VARIABLE = YES;
				LOCALIZATION_PREFERS_STRING_CATALOGS = YES;
				MACOSX_DEPLOYMENT_TARGET = 15.2;
				MTL_ENABLE_DEBUG_INFO = INCLUDE_SOURCE;
				MTL_FAST_MATH = YES;
				ONLY_ACTIVE_ARCH = YES;
				SDKROOT = macosx;
				SWIFT_ACTIVE_COMPILATION_CONDITIONS = "DEBUG $(inherited)";
				SWIFT_OPTIMIZATION_LEVEL = "-Onone";
			};
			name = Debug;
		};
		9BA648AD2E5AC6DB001360BD /* Release */ = {
			isa = XCBuildConfiguration;
			buildSettings = {
				ALWAYS_SEARCH_USER_PATHS = NO;
				ASSETCATALOG_COMPILER_GENERATE_SWIFT_ASSET_SYMBOL_EXTENSIONS = YES;
				CLANG_ANALYZER_NONNULL = YES;
				CLANG_ANALYZER_NUMBER_OBJECT_CONVERSION = YES_AGGRESSIVE;
				CLANG_CXX_LANGUAGE_STANDARD = "gnu++20";
				CLANG_ENABLE_MODULES = YES;
				CLANG_ENABLE_OBJC_ARC = YES;
				CLANG_ENABLE_OBJC_WEAK = YES;
				CLANG_WARN_BLOCK_CAPTURE_AUTORELEASING = YES;
				CLANG_WARN_BOOL_CONVERSION = YES;
				CLANG_WARN_COMMA = YES;
				CLANG_WARN_CONSTANT_CONVERSION = YES;
				CLANG_WARN_DEPRECATED_OBJC_IMPLEMENTATIONS = YES;
				CLANG_WARN_DIRECT_OBJC_ISA_USAGE = YES_ERROR;
				CLANG_WARN_DOCUMENTATION_COMMENTS = YES;
				CLANG_WARN_EMPTY_BODY = YES;
				CLANG_WARN_ENUM_CONVERSION = YES;
				CLANG_WARN_INFINITE_RECURSION = YES;
				CLANG_WARN_INT_CONVERSION = YES;
				CLANG_WARN_NON_LITERAL_NULL_CONVERSION = YES;
				CLANG_WARN_OBJC_IMPLICIT_RETAIN_SELF = YES;
				CLANG_WARN_OBJC_LITERAL_CONVERSION = YES;
				CLANG_WARN_OBJC_ROOT_CLASS = YES_ERROR;
				CLANG_WARN_QUOTED_INCLUDE_IN_FRAMEWORK_HEADER = YES;
				CLANG_WARN_RANGE_LOOP_ANALYSIS = YES;
				CLANG_WARN_STRICT_PROTOTYPES = YES;
				CLANG_WARN_SUSPICIOUS_MOVE = YES;
				CLANG_WARN_UNGUARDED_AVAILABILITY = YES_AGGRESSIVE;
				CLANG_WARN_UNREACHABLE_CODE = YES;
				CLANG_WARN__DUPLICATE_METHOD_MATCH = YES;
				COPY_PHASE_STRIP = NO;
				DEBUG_INFORMATION_FORMAT = "dwarf-with-dsym";
				ENABLE_NS_ASSERTIONS = NO;
				ENABLE_STRICT_OBJC_MSGSEND = YES;
				ENABLE_USER_SCRIPT_SANDBOXING = YES;
				GCC_C_LANGUAGE_STANDARD = gnu17;
				GCC_NO_COMMON_BLOCKS = YES;
				GCC_WARN_64_TO_32_BIT_CONVERSION = YES;
				GCC_WARN_ABOUT_RETURN_TYPE = YES_ERROR;
				GCC_WARN_UNDECLARED_SELECTOR = YES;
				GCC_WARN_UNINITIALIZED_AUTOS = YES_AGGRESSIVE;
				GCC_WARN_UNUSED_FUNCTION = YES;
				GCC_WARN_UNUSED_VARIABLE = YES;
				LOCALIZATION_PREFERS_STRING_CATALOGS = YES;
				MACOSX_DEPLOYMENT_TARGET = 15.2;
				MTL_ENABLE_DEBUG_INFO = NO;
				MTL_FAST_MATH = YES;
				SDKROOT = macosx;
				SWIFT_COMPILATION_MODE = wholemodule;
			};
			name = Release;
		};
		9BA648AF2E5AC6DB001360BD /* Debug */ = {
			isa = XCBuildConfiguration;
			buildSettings = {
				ASSETCATALOG_COMPILER_APPICON_NAME = AppIcon;
				ASSETCATALOG_COMPILER_GLOBAL_ACCENT_COLOR_NAME = AccentColor;
				CODE_SIGN_ENTITLEMENTS = windward/windward.entitlements;
				CODE_SIGN_STYLE = Automatic;
				COMBINE_HIDPI_IMAGES = YES;
				CURRENT_PROJECT_VERSION = 1;
				DEVELOPMENT_ASSET_PATHS = "\"windward/Assets/Preview Content\"";
				ENABLE_PREVIEWS = YES;
				GENERATE_INFOPLIST_FILE = YES;
				INFOPLIST_KEY_NSHumanReadableCopyright = "";
				LD_RUNPATH_SEARCH_PATHS = (
					"$(inherited)",
					"@executable_path/../Frameworks",
				);
				MARKETING_VERSION = 1.0;
				PRODUCT_BUNDLE_IDENTIFIER = zachnicoll.windward;
				PRODUCT_NAME = "$(TARGET_NAME)";
				SWIFT_EMIT_LOC_STRINGS = YES;
				SWIFT_VERSION = 5.0;
			};
			name = Debug;
		};
		9BA648B02E5AC6DB001360BD /* Release */ = {
			isa = XCBuildConfiguration;
			buildSettings = {
				ASSETCATALOG_COMPILER_APPICON_NAME = AppIcon;
				ASSETCATALOG_COMPILER_GLOBAL_ACCENT_COLOR_NAME = AccentColor;
				CODE_SIGN_ENTITLEMENTS = windward/windward.entitlements;
				CODE_SIGN_STYLE = Automatic;
				COMBINE_HIDPI_IMAGES = YES;
				CURRENT_PROJECT_VERSION = 1;
				DEVELOPMENT_ASSET_PATHS = "\"windward/Assets/Preview Content\"";
				ENABLE_PREVIEWS = YES;
				GENERATE_INFOPLIST_FILE = YES;
				INFOPLIST_KEY_NSHumanReadableCopyright = "";
				LD_RUNPATH_SEARCH_PATHS = (
					"$(inherited)",
					"@executable_path/../Frameworks",
				);
				MARKETING_VERSION = 1.0;
				PRODUCT_BUNDLE_IDENTIFIER = zachnicoll.windward;
				PRODUCT_NAME = "$(TARGET_NAME)";
				SWIFT_EMIT_LOC_STRINGS = YES;
				SWIFT_VERSION = 5.0;
			};
			name = Release;
		};
		9BA648B22E5AC6DB001360BD /* Debug */ = {
			isa = XCBuildConfiguration;
			buildSettings = {
				BUNDLE_LOADER = "$(TEST_HOST)";
				CODE_SIGN_STYLE = Automatic;
				CURRENT_PROJECT_VERSION = 1;
				GENERATE_INFOPLIST_FILE = YES;
				MACOSX_DEPLOYMENT_TARGET = 15.2;
				MARKETING_VERSION = 1.0;
				PRODUCT_BUNDLE_IDENTIFIER = zachnicoll.windwardTests;
				PRODUCT_NAME = "$(TARGET_NAME)";
				SWIFT_EMIT_LOC_STRINGS = NO;
				SWIFT_VERSION = 5.0;
				TEST_HOST = "$(BUILT_PRODUCTS_DIR)/windward.app/$(BUNDLE_EXECUTABLE_FOLDER_PATH)/windward";
			};
			name = Debug;
		};
		9BA648B32E5AC6DB001360BD /* Release */ = {
			isa = XCBuildConfiguration;
			buildSettings = {
				BUNDLE_LOADER = "$(TEST_HOST)";
				CODE_SIGN_STYLE = Automatic;
				CURRENT_PROJECT_VERSION = 1;
				GENERATE_INFOPLIST_FILE = YES;
				MACOSX_DEPLOYMENT_TARGET = 15.2;
				MARKETING_VERSION = 1.0;
				PRODUCT_BUNDLE_IDENTIFIER = zachnicoll.windwardTests;
				PRODUCT_NAME = "$(TARGET_NAME)";
				SWIFT_EMIT_LOC_STRINGS = NO;
				SWIFT_VERSION = 5.0;
				TEST_HOST = "$(BUILT_PRODUCTS_DIR)/windward.app/$(BUNDLE_EXECUTABLE_FOLDER_PATH)/windward";
			};
			name = Release;
		};
		9BA648B52E5AC6DB001360BD /* Debug */ = {
			isa = XCBuildConfiguration;
			buildSettings = {
				CODE_SIGN_STYLE = Automatic;
				CURRENT_PROJECT_VERSION = 1;
				GENERATE_INFOPLIST_FILE = YES;
				MARKETING_VERSION = 1.0;
				PRODUCT_BUNDLE_IDENTIFIER = zachnicoll.windwardUITests;
				PRODUCT_NAME = "$(TARGET_NAME)";
				SWIFT_EMIT_LOC_STRINGS = NO;
				SWIFT_VERSION = 5.0;
				TEST_TARGET_NAME = windward;
			};
			name = Debug;
		};
		9BA648B62E5AC6DB001360BD /* Release */ = {
			isa = XCBuildConfiguration;
			buildSettings = {
				CODE_SIGN_STYLE = Automatic;
				CURRENT_PROJECT_VERSION = 1;
				GENERATE_INFOPLIST_FILE = YES;
				MARKETING_VERSION = 1.0;
				PRODUCT_BUNDLE_IDENTIFIER = zachnicoll.windwardUITests;
				PRODUCT_NAME = "$(TARGET_NAME)";
				SWIFT_EMIT_LOC_STRINGS = NO;
				SWIFT_VERSION = 5.0;
				TEST_TARGET_NAME = windward;
			};
			name = Release;
		};
/* End XCBuildConfiguration section */

/* Begin XCConfigurationList section */
		9BA648842E5AC6D9001360BD /* Build configuration list for PBXProject "windward" */ = {
			isa = XCConfigurationList;
			buildConfigurations = (
				9BA648AC2E5AC6DB001360BD /* Debug */,
				9BA648AD2E5AC6DB001360BD /* Release */,
			);
			defaultConfigurationIsVisible = 0;
			defaultConfigurationName = Release;
		};
		9BA648AE2E5AC6DB001360BD /* Build configuration list for PBXNativeTarget "windward" */ = {
			isa = XCConfigurationList;
			buildConfigurations = (
				9BA648AF2E5AC6DB001360BD /* Debug */,
				9BA648B02E5AC6DB001360BD /* Release */,
			);
			defaultConfigurationIsVisible = 0;
			defaultConfigurationName = Release;
		};
		9BA648B12E5AC6DB001360BD /* Build configuration list for PBXNativeTarget "windwardTests" */ = {
			isa = XCConfigurationList;
			buildConfigurations = (
				9BA648B22E5AC6DB001360BD /* Debug */,
				9BA648B32E5AC6DB001360BD /* Release */,
			);
			defaultConfigurationIsVisible = 0;
			defaultConfigurationName = Release;
		};
		9BA648B42E5AC6DB001360BD /* Build configuration list for PBXNativeTarget "windwardUITests" */ = {
			isa = XCConfigurationList;
			buildConfigurations = (
				9BA648B52E5AC6DB001360BD /* Debug */,
				9BA648B62E5AC6DB001360BD /* Release */,
			);
			defaultConfigurationIsVisible = 0;
			defaultConfigurationName = Release;
		};
/* End XCConfigurationList section */
	};
	rootObject = 9BA648812E5AC6D9001360BD /* Project object */;
}
